
Microsoft Visual Studio Solution File, Format Version 12.00
# Visual Studio Version 17
VisualStudioVersion = 17.4.33205.214
MinimumVisualStudioVersion = 10.0.40219.1
Project("{FAE04EC0-301F-11D3-BF4B-00C04F79EFBC}") = "App.API", "App.API\App.API.csproj", "{B2B7CB86-78FD-4AFF-9271-23FF9953EAE1}"
EndProject
Project("{FAE04EC0-301F-11D3-BF4B-00C04F79EFBC}") = "App.Data", "App.Data\App.Data.csproj", "{FF0F5A18-8B95-4925-9C32-6E6773356264}"
EndProject
Project("{FAE04EC0-301F-11D3-BF4B-00C04F79EFBC}") = "App.View", "App.View\App.View.csproj", "{4A5AC1D9-3550-4572-B095-C2A46576B4E4}"
EndProject
Global
	GlobalSection(SolutionConfigurationPlatforms) = preSolution
		Debug|Any CPU = Debug|Any CPU
		Release|Any CPU = Release|Any CPU
	EndGlobalSection
	GlobalSection(ProjectConfigurationPlatforms) = postSolution
		{B2B7CB86-78FD-4AFF-9271-23FF9953EAE1}.Debug|Any CPU.ActiveCfg = Debug|Any CPU
		{B2B7CB86-78FD-4AFF-9271-23FF9953EAE1}.Debug|Any CPU.Build.0 = Debug|Any CPU
		{B2B7CB86-78FD-4AFF-9271-23FF9953EAE1}.Release|Any CPU.ActiveCfg = Release|Any CPU
		{B2B7CB86-78FD-4AFF-9271-23FF9953EAE1}.Release|Any CPU.Build.0 = Release|Any CPU
		{FF0F5A18-8B95-4925-9C32-6E6773356264}.Debug|Any CPU.ActiveCfg = Debug|Any CPU
		{FF0F5A18-8B95-4925-9C32-6E6773356264}.Debug|Any CPU.Build.0 = Debug|Any CPU
		{FF0F5A18-8B95-4925-9C32-6E6773356264}.Release|Any CPU.ActiveCfg = Release|Any CPU
		{FF0F5A18-8B95-4925-9C32-6E6773356264}.Release|Any CPU.Build.0 = Release|Any CPU
		{4A5AC1D9-3550-4572-B095-C2A46576B4E4}.Debug|Any CPU.ActiveCfg = Debug|Any CPU
		{4A5AC1D9-3550-4572-B095-C2A46576B4E4}.Debug|Any CPU.Build.0 = Debug|Any CPU
		{4A5AC1D9-3550-4572-B095-C2A46576B4E4}.Release|Any CPU.ActiveCfg = Release|Any CPU
		{4A5AC1D9-3550-4572-B095-C2A46576B4E4}.Release|Any CPU.Build.0 = Release|Any CPU
	EndGlobalSection
	GlobalSection(SolutionProperties) = preSolution
		HideSolutionNode = FALSE
	EndGlobalSection
	GlobalSection(ExtensibilityGlobals) = postSolution
		SolutionGuid = {8980C61A-2780-4E33-828B-DB3D5698DC32}
	EndGlobalSection
EndGlobal
